
Microsoft Visual Studio Solution File, Format Version 12.00
# Visual Studio 15
VisualStudioVersion = 15.0.27130.2010
MinimumVisualStudioVersion = 10.0.40219.1
Project("{FAE04EC0-301F-11D3-BF4B-00C04F79EFBC}") = "CustomVisionEnd2End", "CustomVisionEnd2End.csproj", "{7ED14174-9D83-4C93-94BD-8A3581527C63}"
EndProject
Global
	GlobalSection(SolutionConfigurationPlatforms) = preSolution
		Debug|Any CPU = Debug|Any CPU
		Release|Any CPU = Release|Any CPU
	EndGlobalSection
	GlobalSection(ProjectConfigurationPlatforms) = postSolution
		{7ED14174-9D83-4C93-94BD-8A3581527C63}.Debug|Any CPU.ActiveCfg = Debug|Any CPU
		{7ED14174-9D83-4C93-94BD-8A3581527C63}.Debug|Any CPU.Build.0 = Debug|Any CPU
		{7ED14174-9D83-4C93-94BD-8A3581527C63}.Release|Any CPU.ActiveCfg = Release|Any CPU
		{7ED14174-9D83-4C93-94BD-8A3581527C63}.Release|Any CPU.Build.0 = Release|Any CPU
	EndGlobalSection
	GlobalSection(SolutionProperties) = preSolution
		HideSolutionNode = FALSE
	EndGlobalSection
	GlobalSection(ExtensibilityGlobals) = postSolution
		SolutionGuid = {341DB300-2225-47B7-8EB1-4AB16D85AC26}
	EndGlobalSection
EndGlobal
